
Microsoft Visual Studio Solution File, Format Version 12.00
# Visual Studio Version 17
VisualStudioVersion = 17.6.33829.357
MinimumVisualStudioVersion = 10.0.40219.1
Project("{9A19103F-16F7-4668-BE54-9A1E7A4F7556}") = "TaskFormUtenteGenericoApiWEB", "TaskFormUtenteGenericoApiWEB\TaskFormUtenteGenericoApiWEB.csproj", "{C3FBEF23-06A9-4045-A0E7-42FB06B99623}"
EndProject
Project("{FAE04EC0-301F-11D3-BF4B-00C04F79EFBC}") = "Servizi Database", "Database Starter Pack\Servizi Database.csproj", "{DA607EE8-1446-4469-9275-5C12ED0C2DB5}"
EndProject
Global
	GlobalSection(SolutionConfigurationPlatforms) = preSolution
		Debug|Any CPU = Debug|Any CPU
		Release|Any CPU = Release|Any CPU
	EndGlobalSection
	GlobalSection(ProjectConfigurationPlatforms) = postSolution
		{C3FBEF23-06A9-4045-A0E7-42FB06B99623}.Debug|Any CPU.ActiveCfg = Debug|Any CPU
		{C3FBEF23-06A9-4045-A0E7-42FB06B99623}.Debug|Any CPU.Build.0 = Debug|Any CPU
		{C3FBEF23-06A9-4045-A0E7-42FB06B99623}.Release|Any CPU.ActiveCfg = Release|Any CPU
		{C3FBEF23-06A9-4045-A0E7-42FB06B99623}.Release|Any CPU.Build.0 = Release|Any CPU
		{DA607EE8-1446-4469-9275-5C12ED0C2DB5}.Debug|Any CPU.ActiveCfg = Debug|Any CPU
		{DA607EE8-1446-4469-9275-5C12ED0C2DB5}.Debug|Any CPU.Build.0 = Debug|Any CPU
		{DA607EE8-1446-4469-9275-5C12ED0C2DB5}.Release|Any CPU.ActiveCfg = Release|Any CPU
		{DA607EE8-1446-4469-9275-5C12ED0C2DB5}.Release|Any CPU.Build.0 = Release|Any CPU
	EndGlobalSection
	GlobalSection(SolutionProperties) = preSolution
		HideSolutionNode = FALSE
	EndGlobalSection
	GlobalSection(ExtensibilityGlobals) = postSolution
		SolutionGuid = {54B7D6F5-4835-479A-ABFF-D6127246DADA}
	EndGlobalSection
EndGlobal
